
Microsoft Visual Studio Solution File, Format Version 12.00
# Visual Studio Version 17
VisualStudioVersion = 17.7.34024.191
MinimumVisualStudioVersion = 10.0.40219.1
Project("{9A19103F-16F7-4668-BE54-9A1E7A4F7556}") = "Messenger", "Messenger\Messenger.csproj", "{BBA856EC-9155-4AA3-AFE3-AC9EA51507E5}"
EndProject
Project("{9A19103F-16F7-4668-BE54-9A1E7A4F7556}") = "MessengerApi", "MessengerApi\MessengerApi.csproj", "{74ABD49E-3D85-48E4-BFBC-FADF42041595}"
EndProject
Project("{9A19103F-16F7-4668-BE54-9A1E7A4F7556}") = "MessengerApiServices", "MessengerApiServices\MessengerApiServices.csproj", "{750FA9E5-570E-4669-A625-3E7AF57B603F}"
EndProject
Project("{9A19103F-16F7-4668-BE54-9A1E7A4F7556}") = "MessengerApiDomain", "MessengerApiDomain\MessengerApiDomain.csproj", "{B4ECB99C-ADE0-4B0B-B239-26284B186072}"
EndProject
Project("{9A19103F-16F7-4668-BE54-9A1E7A4F7556}") = "MessengerApiInfrasctructure", "MessengerApiInfrasctructure\MessengerApiInfrasctructure.csproj", "{3395E8E7-EA41-407F-8D45-44F12CBED522}"
EndProject
Project("{9A19103F-16F7-4668-BE54-9A1E7A4F7556}") = "MessengerModels", "MessengerModels\MessengerModels.csproj", "{78F22CA2-B356-4383-A12D-4FD0BCBA2BB7}"
EndProject
Project("{54435603-DBB4-11D2-8724-00A0C9A8B90C}") = "MessengerInstaller", "MessengerInstaller\MessengerInstaller.vdproj", "{61710CEA-13DB-4C57-BADF-2B69BCAD8CCA}"
EndProject
Global
	GlobalSection(SolutionConfigurationPlatforms) = preSolution
		Debug|Any CPU = Debug|Any CPU
		Release|Any CPU = Release|Any CPU
	EndGlobalSection
	GlobalSection(ProjectConfigurationPlatforms) = postSolution
		{BBA856EC-9155-4AA3-AFE3-AC9EA51507E5}.Debug|Any CPU.ActiveCfg = Debug|Any CPU
		{BBA856EC-9155-4AA3-AFE3-AC9EA51507E5}.Debug|Any CPU.Build.0 = Debug|Any CPU
		{BBA856EC-9155-4AA3-AFE3-AC9EA51507E5}.Release|Any CPU.ActiveCfg = Release|Any CPU
		{BBA856EC-9155-4AA3-AFE3-AC9EA51507E5}.Release|Any CPU.Build.0 = Release|Any CPU
		{74ABD49E-3D85-48E4-BFBC-FADF42041595}.Debug|Any CPU.ActiveCfg = Debug|Any CPU
		{74ABD49E-3D85-48E4-BFBC-FADF42041595}.Debug|Any CPU.Build.0 = Debug|Any CPU
		{74ABD49E-3D85-48E4-BFBC-FADF42041595}.Release|Any CPU.ActiveCfg = Release|Any CPU
		{74ABD49E-3D85-48E4-BFBC-FADF42041595}.Release|Any CPU.Build.0 = Release|Any CPU
		{750FA9E5-570E-4669-A625-3E7AF57B603F}.Debug|Any CPU.ActiveCfg = Debug|Any CPU
		{750FA9E5-570E-4669-A625-3E7AF57B603F}.Debug|Any CPU.Build.0 = Debug|Any CPU
		{750FA9E5-570E-4669-A625-3E7AF57B603F}.Release|Any CPU.ActiveCfg = Release|Any CPU
		{750FA9E5-570E-4669-A625-3E7AF57B603F}.Release|Any CPU.Build.0 = Release|Any CPU
		{B4ECB99C-ADE0-4B0B-B239-26284B186072}.Debug|Any CPU.ActiveCfg = Debug|Any CPU
		{B4ECB99C-ADE0-4B0B-B239-26284B186072}.Debug|Any CPU.Build.0 = Debug|Any CPU
		{B4ECB99C-ADE0-4B0B-B239-26284B186072}.Release|Any CPU.ActiveCfg = Release|Any CPU
		{B4ECB99C-ADE0-4B0B-B239-26284B186072}.Release|Any CPU.Build.0 = Release|Any CPU
		{3395E8E7-EA41-407F-8D45-44F12CBED522}.Debug|Any CPU.ActiveCfg = Debug|Any CPU
		{3395E8E7-EA41-407F-8D45-44F12CBED522}.Debug|Any CPU.Build.0 = Debug|Any CPU
		{3395E8E7-EA41-407F-8D45-44F12CBED522}.Release|Any CPU.ActiveCfg = Release|Any CPU
		{3395E8E7-EA41-407F-8D45-44F12CBED522}.Release|Any CPU.Build.0 = Release|Any CPU
		{78F22CA2-B356-4383-A12D-4FD0BCBA2BB7}.Debug|Any CPU.ActiveCfg = Debug|Any CPU
		{78F22CA2-B356-4383-A12D-4FD0BCBA2BB7}.Debug|Any CPU.Build.0 = Debug|Any CPU
		{78F22CA2-B356-4383-A12D-4FD0BCBA2BB7}.Release|Any CPU.ActiveCfg = Release|Any CPU
		{78F22CA2-B356-4383-A12D-4FD0BCBA2BB7}.Release|Any CPU.Build.0 = Release|Any CPU
		{61710CEA-13DB-4C57-BADF-2B69BCAD8CCA}.Debug|Any CPU.ActiveCfg = Debug
		{61710CEA-13DB-4C57-BADF-2B69BCAD8CCA}.Release|Any CPU.ActiveCfg = Release
	EndGlobalSection
	GlobalSection(SolutionProperties) = preSolution
		HideSolutionNode = FALSE
	EndGlobalSection
	GlobalSection(ExtensibilityGlobals) = postSolution
		SolutionGuid = {36705624-C35E-4886-9629-A83262F72D2A}
	EndGlobalSection
EndGlobal
