
Microsoft Visual Studio Solution File, Format Version 12.00
# Visual Studio Version 17
VisualStudioVersion = 17.7.34024.191
MinimumVisualStudioVersion = 10.0.40219.1
Project("{FAE04EC0-301F-11D3-BF4B-00C04F79EFBC}") = "Messenger", "Messenger\Messenger.csproj", "{BBA856EC-9155-4AA3-AFE3-AC9EA51507E5}"
EndProject
Global
	GlobalSection(SolutionConfigurationPlatforms) = preSolution
		Debug|Any CPU = Debug|Any CPU
		Release|Any CPU = Release|Any CPU
	EndGlobalSection
	GlobalSection(ProjectConfigurationPlatforms) = postSolution
		{BBA856EC-9155-4AA3-AFE3-AC9EA51507E5}.Debug|Any CPU.ActiveCfg = Debug|Any CPU
		{BBA856EC-9155-4AA3-AFE3-AC9EA51507E5}.Debug|Any CPU.Build.0 = Debug|Any CPU
		{BBA856EC-9155-4AA3-AFE3-AC9EA51507E5}.Release|Any CPU.ActiveCfg = Release|Any CPU
		{BBA856EC-9155-4AA3-AFE3-AC9EA51507E5}.Release|Any CPU.Build.0 = Release|Any CPU
	EndGlobalSection
	GlobalSection(SolutionProperties) = preSolution
		HideSolutionNode = FALSE
	EndGlobalSection
	GlobalSection(ExtensibilityGlobals) = postSolution
		SolutionGuid = {36705624-C35E-4886-9629-A83262F72D2A}
	EndGlobalSection
EndGlobal
